# This file is automatically @generated by Cargo.
# It is not intended for manual editing.
version = 3

[[package]]
name = "arbitrary"
version = "1.1.7"
source = "registry+https://github.com/rust-lang/crates.io-index"
checksum = "d86fd10d912cab78764cc44307d9cd5f164e09abbeb87fb19fb6d95937e8da5f"
dependencies = [
 "derive_arbitrary",
]

[[package]]
name = "cc"
version = "1.0.73"
source = "registry+https://github.com/rust-lang/crates.io-index"
checksum = "2fff2a6927b3bb87f9595d67196a70493f627687a71d87a0d692242c33f58c11"
dependencies = [
 "jobserver",
]

[[package]]
name = "concurrent-map"
version = "0.0.0"
dependencies = [
 "ebr",
 "pagetable",
]

[[package]]
name = "derive_arbitrary"
version = "1.1.6"
source = "registry+https://github.com/rust-lang/crates.io-index"
checksum = "226ad66541d865d7a7173ad6a9e691c33fdb910ac723f4bc734b3e5294a1f931"
dependencies = [
 "proc-macro2",
 "quote",
 "syn",
]

[[package]]
name = "ebr"
version = "0.0.5"
source = "registry+https://github.com/rust-lang/crates.io-index"
checksum = "f469caa3a7b9a17126258896b21f42897c8c244e710b7a33e5361d6f8bc9077d"
dependencies = [
 "shared-local-state",
]

[[package]]
name = "jobserver"
version = "0.1.25"
source = "registry+https://github.com/rust-lang/crates.io-index"
checksum = "068b1ee6743e4d11fb9c6a1e6064b3693a1b600e7f5f5988047d98b3dc9fb90b"
dependencies = [
 "libc",
]

[[package]]
name = "libc"
version = "0.2.135"
source = "registry+https://github.com/rust-lang/crates.io-index"
checksum = "68783febc7782c6c5cb401fbda4de5a9898be1762314da0bb2c10ced61f18b0c"

[[package]]
name = "libfuzzer-sys"
version = "0.4.4"
source = "registry+https://github.com/rust-lang/crates.io-index"
checksum = "ae185684fe19814afd066da15a7cc41e126886c21282934225d9fc847582da58"
dependencies = [
 "arbitrary",
 "cc",
 "once_cell",
]

[[package]]
name = "once_cell"
version = "1.15.0"
source = "registry+https://github.com/rust-lang/crates.io-index"
checksum = "e82dad04139b71a90c080c8463fe0dc7902db5192d939bd0950f074d014339e1"

[[package]]
name = "pagetable"
version = "0.3.0"
source = "registry+https://github.com/rust-lang/crates.io-index"
checksum = "e93cb85086b1b01b074f9f6b97bcea0f732998fbe662d361c14baf55b9f30ff8"

[[package]]
name = "proc-macro2"
version = "1.0.47"
source = "registry+https://github.com/rust-lang/crates.io-index"
checksum = "5ea3d908b0e36316caf9e9e2c4625cdde190a7e6f440d794667ed17a1855e725"
dependencies = [
 "unicode-ident",
]

[[package]]
name = "quote"
version = "1.0.21"
source = "registry+https://github.com/rust-lang/crates.io-index"
checksum = "bbe448f377a7d6961e30f5955f9b8d106c3f5e449d493ee1b125c1d43c2b5179"
dependencies = [
 "proc-macro2",
]

[[package]]
name = "shared-local-state"
version = "0.1.0"
source = "registry+https://github.com/rust-lang/crates.io-index"
checksum = "805c8304cd29d0806532e269e4f0f602d1d002fff40e0b44a1de32a52e615d14"

[[package]]
name = "syn"
version = "1.0.102"
source = "registry+https://github.com/rust-lang/crates.io-index"
checksum = "3fcd952facd492f9be3ef0d0b7032a6e442ee9b361d4acc2b1d0c4aaa5f613a1"
dependencies = [
 "proc-macro2",
 "quote",
 "unicode-ident",
]

[[package]]
name = "u-fuzz"
version = "0.0.0"
dependencies = [
 "arbitrary",
 "concurrent-map",
 "libfuzzer-sys",
]

[[package]]
name = "unicode-ident"
version = "1.0.5"
source = "registry+https://github.com/rust-lang/crates.io-index"
checksum = "6ceab39d59e4c9499d4e5a8ee0e2735b891bb7308ac83dfb4e80cad195c9f6f3"
